
Microsoft Visual Studio Solution File, Format Version 12.00
# Visual Studio 14
VisualStudioVersion = 14.0.25420.1
MinimumVisualStudioVersion = 10.0.40219.1
Project("{FAE04EC0-301F-11D3-BF4B-00C04F79EFBC}") = "DFF.WeiXinApp.MP.MVC", "dafeifeiWeiXinApp.MP.MVC\DFF.WeiXinApp.MP.MVC.csproj", "{7FAAA197-BA6A-4D3B-8D58-9E72B1FA0229}"
EndProject
Project("{FAE04EC0-301F-11D3-BF4B-00C04F79EFBC}") = "DFF.WeiXinApp.MP.MVC.CommonService", "dafeifeiWeiXinApp.MP.MVC.CommonService\DFF.WeiXinApp.MP.MVC.CommonService.csproj", "{C0FFDAD0-90B6-4A2F-B026-0FAF9D33C7EF}"
EndProject
Project("{FAE04EC0-301F-11D3-BF4B-00C04F79EFBC}") = "DFF.WeiXinApp.MP.WebForm", "dafeifeiWeiXinApp.MP.WebForm\DFF.WeiXinApp.MP.WebForm.csproj", "{A0318A22-4DDF-42B3-9623-45252F15E53F}"
EndProject
Global
	GlobalSection(SolutionConfigurationPlatforms) = preSolution
		Debug|Any CPU = Debug|Any CPU
		Release|Any CPU = Release|Any CPU
	EndGlobalSection
	GlobalSection(ProjectConfigurationPlatforms) = postSolution
		{7FAAA197-BA6A-4D3B-8D58-9E72B1FA0229}.Debug|Any CPU.ActiveCfg = Debug|Any CPU
		{7FAAA197-BA6A-4D3B-8D58-9E72B1FA0229}.Debug|Any CPU.Build.0 = Debug|Any CPU
		{7FAAA197-BA6A-4D3B-8D58-9E72B1FA0229}.Release|Any CPU.ActiveCfg = Release|Any CPU
		{7FAAA197-BA6A-4D3B-8D58-9E72B1FA0229}.Release|Any CPU.Build.0 = Release|Any CPU
		{C0FFDAD0-90B6-4A2F-B026-0FAF9D33C7EF}.Debug|Any CPU.ActiveCfg = Debug|Any CPU
		{C0FFDAD0-90B6-4A2F-B026-0FAF9D33C7EF}.Debug|Any CPU.Build.0 = Debug|Any CPU
		{C0FFDAD0-90B6-4A2F-B026-0FAF9D33C7EF}.Release|Any CPU.ActiveCfg = Release|Any CPU
		{C0FFDAD0-90B6-4A2F-B026-0FAF9D33C7EF}.Release|Any CPU.Build.0 = Release|Any CPU
		{A0318A22-4DDF-42B3-9623-45252F15E53F}.Debug|Any CPU.ActiveCfg = Debug|Any CPU
		{A0318A22-4DDF-42B3-9623-45252F15E53F}.Debug|Any CPU.Build.0 = Debug|Any CPU
		{A0318A22-4DDF-42B3-9623-45252F15E53F}.Release|Any CPU.ActiveCfg = Release|Any CPU
		{A0318A22-4DDF-42B3-9623-45252F15E53F}.Release|Any CPU.Build.0 = Release|Any CPU
	EndGlobalSection
	GlobalSection(SolutionProperties) = preSolution
		HideSolutionNode = FALSE
	EndGlobalSection
EndGlobal
